
Microsoft Visual Studio Solution File, Format Version 12.00
# Visual Studio Version 17
VisualStudioVersion = 17.0.31903.59
MinimumVisualStudioVersion = 10.0.40219.1
Project("{9A19103F-16F7-4668-BE54-9A1E7A4F7556}") = "VasuKut.API", "VasuKut.API\VasuKut.API.csproj", "{C89ECF61-3756-4E48-AD5A-2CE95EC3BAEA}"
EndProject
Project("{9A19103F-16F7-4668-BE54-9A1E7A4F7556}") = "VasuKut.Core", "VasuKut.Core\VasuKut.Core.csproj", "{BE6BAF26-D2E8-4CB3-B165-4B6967878645}"
EndProject
Project("{9A19103F-16F7-4668-BE54-9A1E7A4F7556}") = "VasuKut.Infrastructure", "VasuKut.Infrastructure\VasuKut.Infrastructure.csproj", "{03EA08DE-4B61-4534-A269-5868ACA4EE7C}"
EndProject
Global
	GlobalSection(SolutionConfigurationPlatforms) = preSolution
		Debug|Any CPU = Debug|Any CPU
		Release|Any CPU = Release|Any CPU
	EndGlobalSection
	GlobalSection(ProjectConfigurationPlatforms) = postSolution
		{C89ECF61-3756-4E48-AD5A-2CE95EC3BAEA}.Debug|Any CPU.ActiveCfg = Debug|Any CPU
		{C89ECF61-3756-4E48-AD5A-2CE95EC3BAEA}.Debug|Any CPU.Build.0 = Debug|Any CPU
		{C89ECF61-3756-4E48-AD5A-2CE95EC3BAEA}.Release|Any CPU.ActiveCfg = Release|Any CPU
		{C89ECF61-3756-4E48-AD5A-2CE95EC3BAEA}.Release|Any CPU.Build.0 = Release|Any CPU
		{BE6BAF26-D2E8-4CB3-B165-4B6967878645}.Debug|Any CPU.ActiveCfg = Debug|Any CPU
		{BE6BAF26-D2E8-4CB3-B165-4B6967878645}.Debug|Any CPU.Build.0 = Debug|Any CPU
		{BE6BAF26-D2E8-4CB3-B165-4B6967878645}.Release|Any CPU.ActiveCfg = Release|Any CPU
		{BE6BAF26-D2E8-4CB3-B165-4B6967878645}.Release|Any CPU.Build.0 = Release|Any CPU
		{03EA08DE-4B61-4534-A269-5868ACA4EE7C}.Debug|Any CPU.ActiveCfg = Debug|Any CPU
		{03EA08DE-4B61-4534-A269-5868ACA4EE7C}.Debug|Any CPU.Build.0 = Debug|Any CPU
		{03EA08DE-4B61-4534-A269-5868ACA4EE7C}.Release|Any CPU.ActiveCfg = Release|Any CPU
		{03EA08DE-4B61-4534-A269-5868ACA4EE7C}.Release|Any CPU.Build.0 = Release|Any CPU
	EndGlobalSection
	GlobalSection(SolutionProperties) = preSolution
		HideSolutionNode = FALSE
	EndGlobalSection
EndGlobal
